
Microsoft Visual Studio Solution File, Format Version 12.00
# Visual Studio Version 17
VisualStudioVersion = 17.7.34031.279
MinimumVisualStudioVersion = 10.0.40219.1
Project("{FAE04EC0-301F-11D3-BF4B-00C04F79EFBC}") = "JuegoPintarCoches", "JuegoPintarCoches.csproj", "{B1305D03-BFD4-44BB-8B6C-D13F5E35A255}"
EndProject
Global
	GlobalSection(SolutionConfigurationPlatforms) = preSolution
		Debug|Any CPU = Debug|Any CPU
		Release|Any CPU = Release|Any CPU
	EndGlobalSection
	GlobalSection(ProjectConfigurationPlatforms) = postSolution
		{B1305D03-BFD4-44BB-8B6C-D13F5E35A255}.Debug|Any CPU.ActiveCfg = Debug|Any CPU
		{B1305D03-BFD4-44BB-8B6C-D13F5E35A255}.Debug|Any CPU.Build.0 = Debug|Any CPU
		{B1305D03-BFD4-44BB-8B6C-D13F5E35A255}.Release|Any CPU.ActiveCfg = Release|Any CPU
		{B1305D03-BFD4-44BB-8B6C-D13F5E35A255}.Release|Any CPU.Build.0 = Release|Any CPU
	EndGlobalSection
	GlobalSection(SolutionProperties) = preSolution
		HideSolutionNode = FALSE
	EndGlobalSection
	GlobalSection(ExtensibilityGlobals) = postSolution
		SolutionGuid = {D7766F99-B459-46E6-97BF-BFE63C2BE88B}
	EndGlobalSection
EndGlobal
